
Microsoft Visual Studio Solution File, Format Version 12.00
# Visual Studio Version 17
VisualStudioVersion = 17.3.32922.545
MinimumVisualStudioVersion = 10.0.40219.1
Project("{FAE04EC0-301F-11D3-BF4B-00C04F79EFBC}") = "homeWork_Name", "homeWork_Name\homeWork_Name.csproj", "{AEC9DF86-1F32-460F-B568-73AA7EF07C11}"
EndProject
Global
	GlobalSection(SolutionConfigurationPlatforms) = preSolution
		Debug|Any CPU = Debug|Any CPU
		Release|Any CPU = Release|Any CPU
	EndGlobalSection
	GlobalSection(ProjectConfigurationPlatforms) = postSolution
		{AEC9DF86-1F32-460F-B568-73AA7EF07C11}.Debug|Any CPU.ActiveCfg = Debug|Any CPU
		{AEC9DF86-1F32-460F-B568-73AA7EF07C11}.Debug|Any CPU.Build.0 = Debug|Any CPU
		{AEC9DF86-1F32-460F-B568-73AA7EF07C11}.Release|Any CPU.ActiveCfg = Release|Any CPU
		{AEC9DF86-1F32-460F-B568-73AA7EF07C11}.Release|Any CPU.Build.0 = Release|Any CPU
	EndGlobalSection
	GlobalSection(SolutionProperties) = preSolution
		HideSolutionNode = FALSE
	EndGlobalSection
	GlobalSection(ExtensibilityGlobals) = postSolution
		SolutionGuid = {98C54E5B-87BA-480C-907F-74E70EED0033}
	EndGlobalSection
EndGlobal
